// !$*UTF8*$!
{
	archiveVersion = 1;
	classes = {
	};
	objectVersion = 56;
	objects = {

/* Begin PBXBuildFile section */
		04ED8E5A2A4ECCEE004F336E /* AppDelegate.swift in Sources */ = {isa = PBXBuildFile; fileRef = 04ED8E592A4ECCEE004F336E /* AppDelegate.swift */; };
		04ED8E5C2A4ECCEE004F336E /* SceneDelegate.swift in Sources */ = {isa = PBXBuildFile; fileRef = 04ED8E5B2A4ECCEE004F336E /* SceneDelegate.swift */; };
		04ED8E5E2A4ECCEE004F336E /* StationInformationViewController.swift in Sources */ = {isa = PBXBuildFile; fileRef = 04ED8E5D2A4ECCEE004F336E /* StationInformationViewController.swift */; };
		04ED8E632A4ECCEF004F336E /* Assets.xcassets in Resources */ = {isa = PBXBuildFile; fileRef = 04ED8E622A4ECCEF004F336E /* Assets.xcassets */; };
		04ED8E712A4ED360004F336E /* MainController.swift in Sources */ = {isa = PBXBuildFile; fileRef = 04ED8E702A4ED360004F336E /* MainController.swift */; };
		04ED8E732A4EDA8D004F336E /* UIColor+.swift in Sources */ = {isa = PBXBuildFile; fileRef = 04ED8E722A4EDA8D004F336E /* UIColor+.swift */; };
		04ED8E782A4EFBD1004F336E /* LabelConfiguration.swift in Sources */ = {isa = PBXBuildFile; fileRef = 04ED8E772A4EFBD1004F336E /* LabelConfiguration.swift */; };
		04ED8E7C2A4F1D4B004F336E /* TextField.swift in Sources */ = {isa = PBXBuildFile; fileRef = 04ED8E7B2A4F1D4B004F336E /* TextField.swift */; };
		04ED8E7E2A4F25B5004F336E /* StationConfiguration.swift in Sources */ = {isa = PBXBuildFile; fileRef = 04ED8E7D2A4F25B5004F336E /* StationConfiguration.swift */; };
		04ED8E842A4F5390004F336E /* NetworkAPI.swift in Sources */ = {isa = PBXBuildFile; fileRef = 04ED8E832A4F5390004F336E /* NetworkAPI.swift */; };
		04ED8E862A4F5EF1004F336E /* String+.swift in Sources */ = {isa = PBXBuildFile; fileRef = 04ED8E852A4F5EF1004F336E /* String+.swift */; };
		04ED8E8A2A4F70C8004F336E /* PaddingLabel.swift in Sources */ = {isa = PBXBuildFile; fileRef = 04ED8E892A4F70C8004F336E /* PaddingLabel.swift */; };
/* End PBXBuildFile section */

/* Begin PBXFileReference section */
		04ED8E562A4ECCEE004F336E /* YouBike.app */ = {isa = PBXFileReference; explicitFileType = wrapper.application; includeInIndex = 0; path = YouBike.app; sourceTree = BUILT_PRODUCTS_DIR; };
		04ED8E592A4ECCEE004F336E /* AppDelegate.swift */ = {isa = PBXFileReference; lastKnownFileType = sourcecode.swift; path = AppDelegate.swift; sourceTree = "<group>"; };
		04ED8E5B2A4ECCEE004F336E /* SceneDelegate.swift */ = {isa = PBXFileReference; lastKnownFileType = sourcecode.swift; path = SceneDelegate.swift; sourceTree = "<group>"; };
		04ED8E5D2A4ECCEE004F336E /* StationInformationViewController.swift */ = {isa = PBXFileReference; lastKnownFileType = sourcecode.swift; path = StationInformationViewController.swift; sourceTree = "<group>"; };
		04ED8E622A4ECCEF004F336E /* Assets.xcassets */ = {isa = PBXFileReference; lastKnownFileType = folder.assetcatalog; path = Assets.xcassets; sourceTree = "<group>"; };
		04ED8E672A4ECCEF004F336E /* Info.plist */ = {isa = PBXFileReference; lastKnownFileType = text.plist.xml; path = Info.plist; sourceTree = "<group>"; };
		04ED8E702A4ED360004F336E /* MainController.swift */ = {isa = PBXFileReference; lastKnownFileType = sourcecode.swift; path = MainController.swift; sourceTree = "<group>"; };
		04ED8E722A4EDA8D004F336E /* UIColor+.swift */ = {isa = PBXFileReference; lastKnownFileType = sourcecode.swift; path = "UIColor+.swift"; sourceTree = "<group>"; };
		04ED8E772A4EFBD1004F336E /* LabelConfiguration.swift */ = {isa = PBXFileReference; lastKnownFileType = sourcecode.swift; path = LabelConfiguration.swift; sourceTree = "<group>"; };
		04ED8E7B2A4F1D4B004F336E /* TextField.swift */ = {isa = PBXFileReference; lastKnownFileType = sourcecode.swift; path = TextField.swift; sourceTree = "<group>"; };
		04ED8E7D2A4F25B5004F336E /* StationConfiguration.swift */ = {isa = PBXFileReference; lastKnownFileType = sourcecode.swift; path = StationConfiguration.swift; sourceTree = "<group>"; };
		04ED8E832A4F5390004F336E /* NetworkAPI.swift */ = {isa = PBXFileReference; lastKnownFileType = sourcecode.swift; path = NetworkAPI.swift; sourceTree = "<group>"; };
		04ED8E852A4F5EF1004F336E /* String+.swift */ = {isa = PBXFileReference; lastKnownFileType = sourcecode.swift; path = "String+.swift"; sourceTree = "<group>"; };
		04ED8E892A4F70C8004F336E /* PaddingLabel.swift */ = {isa = PBXFileReference; lastKnownFileType = sourcecode.swift; path = PaddingLabel.swift; sourceTree = "<group>"; };
/* End PBXFileReference section */

/* Begin PBXFrameworksBuildPhase section */
		04ED8E532A4ECCEE004F336E /* Frameworks */ = {
			isa = PBXFrameworksBuildPhase;
			buildActionMask = 2147483647;
			files = (
			);
			runOnlyForDeploymentPostprocessing = 0;
		};
/* End PBXFrameworksBuildPhase section */

/* Begin PBXGroup section */
		04ED8E4D2A4ECCEE004F336E = {
			isa = PBXGroup;
			children = (
				04ED8E582A4ECCEE004F336E /* YouBike */,
				04ED8E572A4ECCEE004F336E /* Products */,
			);
			sourceTree = "<group>";
		};
		04ED8E572A4ECCEE004F336E /* Products */ = {
			isa = PBXGroup;
			children = (
				04ED8E562A4ECCEE004F336E /* YouBike.app */,
			);
			name = Products;
			sourceTree = "<group>";
		};
		04ED8E582A4ECCEE004F336E /* YouBike */ = {
			isa = PBXGroup;
			children = (
				04ED8E822A4F5376004F336E /* Models */,
				04ED8E762A4EFBBC004F336E /* Views */,
				04ED8E812A4F5085004F336E /* Controllers */,
				04ED8E592A4ECCEE004F336E /* AppDelegate.swift */,
				04ED8E5B2A4ECCEE004F336E /* SceneDelegate.swift */,
				04ED8E722A4EDA8D004F336E /* UIColor+.swift */,
				04ED8E852A4F5EF1004F336E /* String+.swift */,
				04ED8E622A4ECCEF004F336E /* Assets.xcassets */,
				04ED8E672A4ECCEF004F336E /* Info.plist */,
			);
			path = YouBike;
			sourceTree = "<group>";
		};
		04ED8E762A4EFBBC004F336E /* Views */ = {
			isa = PBXGroup;
			children = (
				04ED8E772A4EFBD1004F336E /* LabelConfiguration.swift */,
				04ED8E7D2A4F25B5004F336E /* StationConfiguration.swift */,
				04ED8E7B2A4F1D4B004F336E /* TextField.swift */,
				04ED8E892A4F70C8004F336E /* PaddingLabel.swift */,
			);
			path = Views;
			sourceTree = "<group>";
		};
		04ED8E812A4F5085004F336E /* Controllers */ = {
			isa = PBXGroup;
			children = (
				04ED8E702A4ED360004F336E /* MainController.swift */,
				04ED8E5D2A4ECCEE004F336E /* StationInformationViewController.swift */,
			);
			path = Controllers;
			sourceTree = "<group>";
		};
		04ED8E822A4F5376004F336E /* Models */ = {
			isa = PBXGroup;
			children = (
				04ED8E832A4F5390004F336E /* NetworkAPI.swift */,
			);
			path = Models;
			sourceTree = "<group>";
		};
/* End PBXGroup section */

/* Begin PBXNativeTarget section */
		04ED8E552A4ECCEE004F336E /* YouBike */ = {
			isa = PBXNativeTarget;
			buildConfigurationList = 04ED8E6A2A4ECCEF004F336E /* Build configuration list for PBXNativeTarget "YouBike" */;
			buildPhases = (
				04ED8E522A4ECCEE004F336E /* Sources */,
				04ED8E532A4ECCEE004F336E /* Frameworks */,
				04ED8E542A4ECCEE004F336E /* Resources */,
			);
			buildRules = (
			);
			dependencies = (
			);
			name = YouBike;
			productName = YouBike;
			productReference = 04ED8E562A4ECCEE004F336E /* YouBike.app */;
			productType = "com.apple.product-type.application";
		};
/* End PBXNativeTarget section */

/* Begin PBXProject section */
		04ED8E4E2A4ECCEE004F336E /* Project object */ = {
			isa = PBXProject;
			attributes = {
				BuildIndependentTargetsInParallel = 1;
				LastSwiftUpdateCheck = 1430;
				LastUpgradeCheck = 1430;
				TargetAttributes = {
					04ED8E552A4ECCEE004F336E = {
						CreatedOnToolsVersion = 14.3.1;
					};
				};
			};
			buildConfigurationList = 04ED8E512A4ECCEE004F336E /* Build configuration list for PBXProject "YouBike" */;
			compatibilityVersion = "Xcode 14.0";
			developmentRegion = en;
			hasScannedForEncodings = 0;
			knownRegions = (
				en,
			);
			mainGroup = 04ED8E4D2A4ECCEE004F336E;
			productRefGroup = 04ED8E572A4ECCEE004F336E /* Products */;
			projectDirPath = "";
			projectRoot = "";
			targets = (
				04ED8E552A4ECCEE004F336E /* YouBike */,
			);
		};
/* End PBXProject section */

/* Begin PBXResourcesBuildPhase section */
		04ED8E542A4ECCEE004F336E /* Resources */ = {
			isa = PBXResourcesBuildPhase;
			buildActionMask = 2147483647;
			files = (
				04ED8E632A4ECCEF004F336E /* Assets.xcassets in Resources */,
			);
			runOnlyForDeploymentPostprocessing = 0;
		};
/* End PBXResourcesBuildPhase section */

/* Begin PBXSourcesBuildPhase section */
		04ED8E522A4ECCEE004F336E /* Sources */ = {
			isa = PBXSourcesBuildPhase;
			buildActionMask = 2147483647;
			files = (
				04ED8E5E2A4ECCEE004F336E /* StationInformationViewController.swift in Sources */,
				04ED8E842A4F5390004F336E /* NetworkAPI.swift in Sources */,
				04ED8E5A2A4ECCEE004F336E /* AppDelegate.swift in Sources */,
				04ED8E5C2A4ECCEE004F336E /* SceneDelegate.swift in Sources */,
				04ED8E7C2A4F1D4B004F336E /* TextField.swift in Sources */,
				04ED8E712A4ED360004F336E /* MainController.swift in Sources */,
				04ED8E862A4F5EF1004F336E /* String+.swift in Sources */,
				04ED8E732A4EDA8D004F336E /* UIColor+.swift in Sources */,
				04ED8E782A4EFBD1004F336E /* LabelConfiguration.swift in Sources */,
				04ED8E7E2A4F25B5004F336E /* StationConfiguration.swift in Sources */,
				04ED8E8A2A4F70C8004F336E /* PaddingLabel.swift in Sources */,
			);
			runOnlyForDeploymentPostprocessing = 0;
		};
/* End PBXSourcesBuildPhase section */

/* Begin XCBuildConfiguration section */
		04ED8E682A4ECCEF004F336E /* Debug */ = {
			isa = XCBuildConfiguration;
			buildSettings = {
				ALWAYS_SEARCH_USER_PATHS = NO;
				CLANG_ANALYZER_NONNULL = YES;
				CLANG_ANALYZER_NUMBER_OBJECT_CONVERSION = YES_AGGRESSIVE;
				CLANG_CXX_LANGUAGE_STANDARD = "gnu++20";
				CLANG_ENABLE_MODULES = YES;
				CLANG_ENABLE_OBJC_ARC = YES;
				CLANG_ENABLE_OBJC_WEAK = YES;
				CLANG_WARN_BLOCK_CAPTURE_AUTORELEASING = YES;
				CLANG_WARN_BOOL_CONVERSION = YES;
				CLANG_WARN_COMMA = YES;
				CLANG_WARN_CONSTANT_CONVERSION = YES;
				CLANG_WARN_DEPRECATED_OBJC_IMPLEMENTATIONS = YES;
				CLANG_WARN_DIRECT_OBJC_ISA_USAGE = YES_ERROR;
				CLANG_WARN_DOCUMENTATION_COMMENTS = YES;
				CLANG_WARN_EMPTY_BODY = YES;
				CLANG_WARN_ENUM_CONVERSION = YES;
				CLANG_WARN_INFINITE_RECURSION = YES;
				CLANG_WARN_INT_CONVERSION = YES;
				CLANG_WARN_NON_LITERAL_NULL_CONVERSION = YES;
				CLANG_WARN_OBJC_IMPLICIT_RETAIN_SELF = YES;
				CLANG_WARN_OBJC_LITERAL_CONVERSION = YES;
				CLANG_WARN_OBJC_ROOT_CLASS = YES_ERROR;
				CLANG_WARN_QUOTED_INCLUDE_IN_FRAMEWORK_HEADER = YES;
				CLANG_WARN_RANGE_LOOP_ANALYSIS = YES;
				CLANG_WARN_STRICT_PROTOTYPES = YES;
				CLANG_WARN_SUSPICIOUS_MOVE = YES;
				CLANG_WARN_UNGUARDED_AVAILABILITY = YES_AGGRESSIVE;
				CLANG_WARN_UNREACHABLE_CODE = YES;
				CLANG_WARN__DUPLICATE_METHOD_MATCH = YES;
				COPY_PHASE_STRIP = NO;
				DEBUG_INFORMATION_FORMAT = dwarf;
				ENABLE_STRICT_OBJC_MSGSEND = YES;
				ENABLE_TESTABILITY = YES;
				GCC_C_LANGUAGE_STANDARD = gnu11;
				GCC_DYNAMIC_NO_PIC = NO;
				GCC_NO_COMMON_BLOCKS = YES;
				GCC_OPTIMIZATION_LEVEL = 0;
				GCC_PREPROCESSOR_DEFINITIONS = (
					"DEBUG=1",
					"$(inherited)",
				);
				GCC_WARN_64_TO_32_BIT_CONVERSION = YES;
				GCC_WARN_ABOUT_RETURN_TYPE = YES_ERROR;
				GCC_WARN_UNDECLARED_SELECTOR = YES;
				GCC_WARN_UNINITIALIZED_AUTOS = YES_AGGRESSIVE;
				GCC_WARN_UNUSED_FUNCTION = YES;
				GCC_WARN_UNUSED_VARIABLE = YES;
				IPHONEOS_DEPLOYMENT_TARGET = 16.0;
				MTL_ENABLE_DEBUG_INFO = INCLUDE_SOURCE;
				MTL_FAST_MATH = YES;
				ONLY_ACTIVE_ARCH = YES;
				SDKROOT = iphoneos;
				SWIFT_ACTIVE_COMPILATION_CONDITIONS = DEBUG;
				SWIFT_OPTIMIZATION_LEVEL = "-Onone";
			};
			name = Debug;
		};
		04ED8E692A4ECCEF004F336E /* Release */ = {
			isa = XCBuildConfiguration;
			buildSettings = {
				ALWAYS_SEARCH_USER_PATHS = NO;
				CLANG_ANALYZER_NONNULL = YES;
				CLANG_ANALYZER_NUMBER_OBJECT_CONVERSION = YES_AGGRESSIVE;
				CLANG_CXX_LANGUAGE_STANDARD = "gnu++20";
				CLANG_ENABLE_MODULES = YES;
				CLANG_ENABLE_OBJC_ARC = YES;
				CLANG_ENABLE_OBJC_WEAK = YES;
				CLANG_WARN_BLOCK_CAPTURE_AUTORELEASING = YES;
				CLANG_WARN_BOOL_CONVERSION = YES;
				CLANG_WARN_COMMA = YES;
				CLANG_WARN_CONSTANT_CONVERSION = YES;
				CLANG_WARN_DEPRECATED_OBJC_IMPLEMENTATIONS = YES;
				CLANG_WARN_DIRECT_OBJC_ISA_USAGE = YES_ERROR;
				CLANG_WARN_DOCUMENTATION_COMMENTS = YES;
				CLANG_WARN_EMPTY_BODY = YES;
				CLANG_WARN_ENUM_CONVERSION = YES;
				CLANG_WARN_INFINITE_RECURSION = YES;
				CLANG_WARN_INT_CONVERSION = YES;
				CLANG_WARN_NON_LITERAL_NULL_CONVERSION = YES;
				CLANG_WARN_OBJC_IMPLICIT_RETAIN_SELF = YES;
				CLANG_WARN_OBJC_LITERAL_CONVERSION = YES;
				CLANG_WARN_OBJC_ROOT_CLASS = YES_ERROR;
				CLANG_WARN_QUOTED_INCLUDE_IN_FRAMEWORK_HEADER = YES;
				CLANG_WARN_RANGE_LOOP_ANALYSIS = YES;
				CLANG_WARN_STRICT_PROTOTYPES = YES;
				CLANG_WARN_SUSPICIOUS_MOVE = YES;
				CLANG_WARN_UNGUARDED_AVAILABILITY = YES_AGGRESSIVE;
				CLANG_WARN_UNREACHABLE_CODE = YES;
				CLANG_WARN__DUPLICATE_METHOD_MATCH = YES;
				COPY_PHASE_STRIP = NO;
				DEBUG_INFORMATION_FORMAT = "dwarf-with-dsym";
				ENABLE_NS_ASSERTIONS = NO;
				ENABLE_STRICT_OBJC_MSGSEND = YES;
				GCC_C_LANGUAGE_STANDARD = gnu11;
				GCC_NO_COMMON_BLOCKS = YES;
				GCC_WARN_64_TO_32_BIT_CONVERSION = YES;
				GCC_WARN_ABOUT_RETURN_TYPE = YES_ERROR;
				GCC_WARN_UNDECLARED_SELECTOR = YES;
				GCC_WARN_UNINITIALIZED_AUTOS = YES_AGGRESSIVE;
				GCC_WARN_UNUSED_FUNCTION = YES;
				GCC_WARN_UNUSED_VARIABLE = YES;
				IPHONEOS_DEPLOYMENT_TARGET = 16.0;
				MTL_ENABLE_DEBUG_INFO = NO;
				MTL_FAST_MATH = YES;
				SDKROOT = iphoneos;
				SWIFT_COMPILATION_MODE = wholemodule;
				SWIFT_OPTIMIZATION_LEVEL = "-O";
				VALIDATE_PRODUCT = YES;
			};
			name = Release;
		};
		04ED8E6B2A4ECCEF004F336E /* Debug */ = {
			isa = XCBuildConfiguration;
			buildSettings = {
				ASSETCATALOG_COMPILER_APPICON_NAME = AppIcon;
				ASSETCATALOG_COMPILER_GLOBAL_ACCENT_COLOR_NAME = AccentColor;
				CODE_SIGN_STYLE = Automatic;
				CURRENT_PROJECT_VERSION = 1;
				DEVELOPMENT_TEAM = 8U23PSF63R;
				GENERATE_INFOPLIST_FILE = YES;
				INFOPLIST_FILE = YouBike/Info.plist;
				INFOPLIST_KEY_UIApplicationSupportsIndirectInputEvents = YES;
				INFOPLIST_KEY_UILaunchStoryboardName = LaunchScreen;
				INFOPLIST_KEY_UIMainStoryboardFile = "";
				INFOPLIST_KEY_UISupportedInterfaceOrientations = UIInterfaceOrientationPortrait;
				INFOPLIST_KEY_UISupportedInterfaceOrientations_iPad = "UIInterfaceOrientationLandscapeLeft UIInterfaceOrientationLandscapeRight UIInterfaceOrientationPortrait UIInterfaceOrientationPortraitUpsideDown";
				LD_RUNPATH_SEARCH_PATHS = (
					"$(inherited)",
					"@executable_path/Frameworks",
				);
				MARKETING_VERSION = 1.0;
				PRODUCT_BUNDLE_IDENTIFIER = com.jack51606.YouBike;
				PRODUCT_NAME = "$(TARGET_NAME)";
				SWIFT_EMIT_LOC_STRINGS = YES;
				SWIFT_VERSION = 5.0;
				TARGETED_DEVICE_FAMILY = "1,2";
			};
			name = Debug;
		};
		04ED8E6C2A4ECCEF004F336E /* Release */ = {
			isa = XCBuildConfiguration;
			buildSettings = {
				ASSETCATALOG_COMPILER_APPICON_NAME = AppIcon;
				ASSETCATALOG_COMPILER_GLOBAL_ACCENT_COLOR_NAME = AccentColor;
				CODE_SIGN_STYLE = Automatic;
				CURRENT_PROJECT_VERSION = 1;
				DEVELOPMENT_TEAM = 8U23PSF63R;
				GENERATE_INFOPLIST_FILE = YES;
				INFOPLIST_FILE = YouBike/Info.plist;
				INFOPLIST_KEY_UIApplicationSupportsIndirectInputEvents = YES;
				INFOPLIST_KEY_UILaunchStoryboardName = LaunchScreen;
				INFOPLIST_KEY_UIMainStoryboardFile = "";
				INFOPLIST_KEY_UISupportedInterfaceOrientations = UIInterfaceOrientationPortrait;
				INFOPLIST_KEY_UISupportedInterfaceOrientations_iPad = "UIInterfaceOrientationLandscapeLeft UIInterfaceOrientationLandscapeRight UIInterfaceOrientationPortrait UIInterfaceOrientationPortraitUpsideDown";
				LD_RUNPATH_SEARCH_PATHS = (
					"$(inherited)",
					"@executable_path/Frameworks",
				);
				MARKETING_VERSION = 1.0;
				PRODUCT_BUNDLE_IDENTIFIER = com.jack51606.YouBike;
				PRODUCT_NAME = "$(TARGET_NAME)";
				SWIFT_EMIT_LOC_STRINGS = YES;
				SWIFT_VERSION = 5.0;
				TARGETED_DEVICE_FAMILY = "1,2";
			};
			name = Release;
		};
/* End XCBuildConfiguration section */

/* Begin XCConfigurationList section */
		04ED8E512A4ECCEE004F336E /* Build configuration list for PBXProject "YouBike" */ = {
			isa = XCConfigurationList;
			buildConfigurations = (
				04ED8E682A4ECCEF004F336E /* Debug */,
				04ED8E692A4ECCEF004F336E /* Release */,
			);
			defaultConfigurationIsVisible = 0;
			defaultConfigurationName = Release;
		};
		04ED8E6A2A4ECCEF004F336E /* Build configuration list for PBXNativeTarget "YouBike" */ = {
			isa = XCConfigurationList;
			buildConfigurations = (
				04ED8E6B2A4ECCEF004F336E /* Debug */,
				04ED8E6C2A4ECCEF004F336E /* Release */,
			);
			defaultConfigurationIsVisible = 0;
			defaultConfigurationName = Release;
		};
/* End XCConfigurationList section */
	};
	rootObject = 04ED8E4E2A4ECCEE004F336E /* Project object */;
}
